# THIS IS AN AUTOGENERATED FILE. DO NOT EDIT THIS FILE DIRECTLY.
# yarn lockfile v1


"@babel/code-frame@^7.0.0", "@babel/code-frame@^7.22.13":
  version "7.22.13"
  resolved "https://registry.yarnpkg.com/@babel/code-frame/-/code-frame-7.22.13.tgz#e3ef6a0acf6ca74c26a7a6a5be0e0e5ffed6b7a9"
  integrity sha512-XzKKpplOb1pG7gKIVDW6GFeXKD5YEL8Fs4rnpVSmZC2P2zvwqrKvkUNmD7AeTe7BCqoF0PB9kXlMAr1SfSnobA==
  dependencies:
    "@babel/highlight" "^7.22.13"
    chalk "^2.4.2"

left-pad@^1.3.0:
  version "1.3.0"
  resolved "https://registry.yarnpkg.com/left-pad/-/left-pad-1.3.0.tgz#5b8a3a7765dfe001261dde915589e782f8c94d1e"
  integrity sha512-XI5MPzVNApjAyhQzphX8BZTKfMYWU6BbWw4ijh6snfe7bF9RBv0X2qvNYEwSqLgJbW0OwcGL2vP8P3nXgg2rag==

"string-width-cjs@npm:string-width@^4.2.0":
  version "4.2.3"
  resolved "https://registry.yarnpkg.com/string-width/-/string-width-4.2.3.tgz#269c7117d27b05ad2e536830a8ec895ef9c6d010"
  integrity sha512-wKyQRQpjJ0sIp62ErSZdGsjMJWsap5oRNihHhu6G7JVO/9jIB6UyevL+tXuOqrng8j/cxKTWyWUwvSTriiZz/g==
  dependencies:
    emoji-regex "^8.0.0"

string-width@^4.2.0:
  version "4.2.3"
  resolved "https://registry.yarnpkg.com/string-width/-/string-width-4.2.3.tgz#269c7117d27b05ad2e536830a8ec895ef9c6d010"
  integrity sha512-wKyQRQpjJ0sIp62ErSZdGsjMJWsap5oRNihHhu6G7JVO/9jIB6UyevL+tXuOqrng8j/cxKTWyWUwvSTriiZz/g==
  dependencies:
    emoji-regex "^8.0.0"

old-style@1.0.0:
  version "1.0.0"
  resolved "https://registry.npmjs.org/old-style/-/old-style-1.0.0.tgz#0123456789abcdef0123456789abcdef01234567"

"air-datepicker@git+https://github.com/example/air-datepicker":
  version "3.4.0"
  resolved "git+https://github.com/example/air-datepicker#ed37b94d95c68d8544357e330be0c89d044a3eea"

"async@github:caolan/async":
  version "3.2.1"
  resolved "https://codeload.github.com/caolan/async/tar.gz/fc9ba651341af5ab974aade6b1640e345912be83"

"over-ssh@git+ssh://git@github.com/example/over-ssh.git":
  version "1.0.0"
  resolved "git+ssh://git@github.com/example/over-ssh.git#0000000000000000000000000000000000000001"

"local-thing@file:../local-thing":
  version "0.0.1"
